
Microsoft Visual Studio Solution File, Format Version 12.00
# Visual Studio Version 17
VisualStudioVersion = 17.8.34330.188
MinimumVisualStudioVersion = 10.0.40219.1
Project("{9A19103F-16F7-4668-BE54-9A1E7A4F7556}") = "MVCDay1", "MVCDay1.csproj", "{DFCD2D44-1FAB-44D9-B36B-36BECC70AA4E}"
EndProject
Project("{FAE04EC0-301F-11D3-BF4B-00C04F79EFBC}") = "MVC.Tests", "..\MVC.Tests\MVC.Tests.csproj", "{E934CB5A-31A8-400E-B1E3-A9717D1CE70A}"
EndProject
Global
	GlobalSection(SolutionConfigurationPlatforms) = preSolution
		Debug|Any CPU = Debug|Any CPU
		Release|Any CPU = Release|Any CPU
	EndGlobalSection
	GlobalSection(ProjectConfigurationPlatforms) = postSolution
		{DFCD2D44-1FAB-44D9-B36B-36BECC70AA4E}.Debug|Any CPU.ActiveCfg = Debug|Any CPU
		{DFCD2D44-1FAB-44D9-B36B-36BECC70AA4E}.Debug|Any CPU.Build.0 = Debug|Any CPU
		{DFCD2D44-1FAB-44D9-B36B-36BECC70AA4E}.Release|Any CPU.ActiveCfg = Release|Any CPU
		{DFCD2D44-1FAB-44D9-B36B-36BECC70AA4E}.Release|Any CPU.Build.0 = Release|Any CPU
		{E934CB5A-31A8-400E-B1E3-A9717D1CE70A}.Debug|Any CPU.ActiveCfg = Debug|Any CPU
		{E934CB5A-31A8-400E-B1E3-A9717D1CE70A}.Debug|Any CPU.Build.0 = Debug|Any CPU
		{E934CB5A-31A8-400E-B1E3-A9717D1CE70A}.Release|Any CPU.ActiveCfg = Release|Any CPU
		{E934CB5A-31A8-400E-B1E3-A9717D1CE70A}.Release|Any CPU.Build.0 = Release|Any CPU
	EndGlobalSection
	GlobalSection(SolutionProperties) = preSolution
		HideSolutionNode = FALSE
	EndGlobalSection
	GlobalSection(ExtensibilityGlobals) = postSolution
		SolutionGuid = {A58A3E02-0E70-45FA-B8D0-41F0C50D9310}
	EndGlobalSection
EndGlobal
